
Microsoft Visual Studio Solution File, Format Version 12.00
# Visual Studio Version 17
VisualStudioVersion = 17.5.002.0
MinimumVisualStudioVersion = 10.0.40219.1
Project("{9A19103F-16F7-4668-BE54-9A1E7A4F7556}") = "ToDo.API", "ToDo.API\ToDo.API.csproj", "{600D7C13-2655-43AB-BCB8-49FD397FB836}"
EndProject
Project("{9A19103F-16F7-4668-BE54-9A1E7A4F7556}") = "ToDo.BLL", "ToDo.BLL\ToDo.BLL.csproj", "{206D10AE-09C5-4E14-8F48-6E9BE6B15F52}"
EndProject
Project("{9A19103F-16F7-4668-BE54-9A1E7A4F7556}") = "ToDo.DAL", "ToDo.DAL\ToDo.DAL.csproj", "{2928BAB4-DACE-4698-9873-CA07EF773B5A}"
EndProject
Global
	GlobalSection(SolutionConfigurationPlatforms) = preSolution
		Debug|Any CPU = Debug|Any CPU
		Release|Any CPU = Release|Any CPU
	EndGlobalSection
	GlobalSection(ProjectConfigurationPlatforms) = postSolution
		{600D7C13-2655-43AB-BCB8-49FD397FB836}.Debug|Any CPU.ActiveCfg = Debug|Any CPU
		{600D7C13-2655-43AB-BCB8-49FD397FB836}.Debug|Any CPU.Build.0 = Debug|Any CPU
		{600D7C13-2655-43AB-BCB8-49FD397FB836}.Release|Any CPU.ActiveCfg = Release|Any CPU
		{600D7C13-2655-43AB-BCB8-49FD397FB836}.Release|Any CPU.Build.0 = Release|Any CPU
		{206D10AE-09C5-4E14-8F48-6E9BE6B15F52}.Debug|Any CPU.ActiveCfg = Debug|Any CPU
		{206D10AE-09C5-4E14-8F48-6E9BE6B15F52}.Debug|Any CPU.Build.0 = Debug|Any CPU
		{206D10AE-09C5-4E14-8F48-6E9BE6B15F52}.Release|Any CPU.ActiveCfg = Release|Any CPU
		{206D10AE-09C5-4E14-8F48-6E9BE6B15F52}.Release|Any CPU.Build.0 = Release|Any CPU
		{2928BAB4-DACE-4698-9873-CA07EF773B5A}.Debug|Any CPU.ActiveCfg = Debug|Any CPU
		{2928BAB4-DACE-4698-9873-CA07EF773B5A}.Debug|Any CPU.Build.0 = Debug|Any CPU
		{2928BAB4-DACE-4698-9873-CA07EF773B5A}.Release|Any CPU.ActiveCfg = Release|Any CPU
		{2928BAB4-DACE-4698-9873-CA07EF773B5A}.Release|Any CPU.Build.0 = Release|Any CPU
	EndGlobalSection
	GlobalSection(SolutionProperties) = preSolution
		HideSolutionNode = FALSE
	EndGlobalSection
	GlobalSection(ExtensibilityGlobals) = postSolution
		SolutionGuid = {052A2C0F-0A91-49B3-8775-A855FDF0ACC8}
	EndGlobalSection
EndGlobal
